
Microsoft Visual Studio Solution File, Format Version 12.00
# Visual Studio 15
VisualStudioVersion = 15.0.26730.3
MinimumVisualStudioVersion = 10.0.40219.1
Project("{FAE04EC0-301F-11D3-BF4B-00C04F79EFBC}") = "SimpleCMSForCore2", "SimpleCMSForCore2\SimpleCMSForCore2.csproj", "{461401E9-B9B2-4880-B78D-FC5B6A5BE55D}"
EndProject
Global
	GlobalSection(SolutionConfigurationPlatforms) = preSolution
		Debug|Any CPU = Debug|Any CPU
		Release|Any CPU = Release|Any CPU
	EndGlobalSection
	GlobalSection(ProjectConfigurationPlatforms) = postSolution
		{461401E9-B9B2-4880-B78D-FC5B6A5BE55D}.Debug|Any CPU.ActiveCfg = Debug|Any CPU
		{461401E9-B9B2-4880-B78D-FC5B6A5BE55D}.Debug|Any CPU.Build.0 = Debug|Any CPU
		{461401E9-B9B2-4880-B78D-FC5B6A5BE55D}.Release|Any CPU.ActiveCfg = Release|Any CPU
		{461401E9-B9B2-4880-B78D-FC5B6A5BE55D}.Release|Any CPU.Build.0 = Release|Any CPU
	EndGlobalSection
	GlobalSection(SolutionProperties) = preSolution
		HideSolutionNode = FALSE
	EndGlobalSection
	GlobalSection(ExtensibilityGlobals) = postSolution
		SolutionGuid = {D7D50216-3C44-414C-930A-04165B8DF2CF}
	EndGlobalSection
EndGlobal
